<?xml version="1.0" encoding="utf-8"?>
<Project ToolsVersion="4.0" xmlns="http://schemas.microsoft.com/developer/msbuild/2003">
  <ItemGroup>
    <Filter Include="Source Files">
      <UniqueIdentifier>{4FC737F1-C7A5-4376-A066-2A32D752A2FF}</UniqueIdentifier>
      <Extensions>cpp;c;cc;cxx;c++;cppm;ixx;def;odl;idl;hpj;bat;asm;asmx</Extensions>
    </Filter>
    <Filter Include="Header Files">
      <UniqueIdentifier>{93995380-89BD-4b04-88EB-625FBE52EBFB}</UniqueIdentifier>
      <Extensions>h;hh;hpp;hxx;h++;hm;inl;inc;ipp;xsd</Extensions>
    </Filter>
    <Filter Include="Resource Files">
      <UniqueIdentifier>{67DA6AB6-F800-4c08-8B7A-83BB121AAD01}</UniqueIdentifier>
      <Extensions>rc;ico;cur;bmp;dlg;rc2;rct;bin;rgs;gif;jpg;jpeg;jpe;resx;tiff;tif;png;wav;mfcribbon-ms</Extensions>
    </Filter>
  </ItemGroup>
  <ItemGroup>
    <ClCompile Include="main.cpp">
      <Filter>Source Files</Filter>
    </ClCompile>
    <ClCompile Include="audio_engine\audio_pipeline.cpp">
      <Filter>Source Files</Filter>
    </ClCompile>
    <ClCompile Include="audio_engine\audio_ring_buffer.cpp">
      <Filter>Source Files</Filter>
    </ClCompile>
    <ClCompile Include="sine_wave_generator.cpp">
      <Filter>Source Files</Filter>
    </ClCompile>
    <ClCompile Include="sample_gain_stage.cpp">
      <Filter>Source Files</Filter>
    </ClCompile>
    <ClCompile Include="delay_stage.cpp">
      <Filter>Source Files</Filter>
    </ClCompile>
    <ClCompile Include="logger_stage.cpp">
      <Filter>Source Files</Filter>
    </ClCompile>
    <ClCompile Include="dumpPCM_stage.cpp">
      <Filter>Source Files</Filter>
    </ClCompile>
  </ItemGroup>
  <ItemGroup>
    <ClInclude Include="audio_engine\audio_pipeline.h">
      <Filter>Header Files</Filter>
    </ClInclude>
    <ClInclude Include="audio_engine\audio_types.h">
      <Filter>Header Files</Filter>
    </ClInclude>
    <ClInclude Include="audio_engine\audio_ring_buffer.h">
      <Filter>Header Files</Filter>
    </ClInclude>
    <ClInclude Include="audio_engine\audio.h">
      <Filter>Header Files</Filter>
    </ClInclude>
    <ClInclude Include="sine_wave_generator.h">
      <Filter>Header Files</Filter>
    </ClInclude>
    <ClInclude Include="sample_gain_stage.h">
      <Filter>Header Files</Filter>
    </ClInclude>
    <ClInclude Include="delay_stage.h">
      <Filter>Header Files</Filter>
    </ClInclude>
    <ClInclude Include="logger_stage.h">
      <Filter>Header Files</Filter>
    </ClInclude>
    <ClInclude Include="dumpPCM_stage.h">
      <Filter>Header Files</Filter>
    </ClInclude>
  </ItemGroup>
</Project>